
Microsoft Visual Studio Solution File, Format Version 12.00
# Visual Studio Version 17
VisualStudioVersion = 17.11.35219.272
MinimumVisualStudioVersion = 10.0.40219.1
Project("{FAE04EC0-301F-11D3-BF4B-00C04F79EFBC}") = "SchoolSystem.Web", "SchoolSystem.Web\SchoolSystem.Web.csproj", "{A09D8200-9F13-42DA-B2FF-B676D7CA24D5}"
EndProject
Project("{FAE04EC0-301F-11D3-BF4B-00C04F79EFBC}") = "SchoolSystem.Infrastructure", "SchoolSystem.Infrastructure\SchoolSystem.Infrastructure.csproj", "{49921DCC-7B4C-434C-B4A9-117051DA4346}"
EndProject
Project("{FAE04EC0-301F-11D3-BF4B-00C04F79EFBC}") = "SchoolSystem.Domain", "SchoolSystem.Domain\SchoolSystem.Domain.csproj", "{CA4B1125-639C-445A-9834-9178F589E94E}"
EndProject
Project("{FAE04EC0-301F-11D3-BF4B-00C04F79EFBC}") = "SchoolSystem.Application", "SchoolSystem.Application\SchoolSystem.Application.csproj", "{2358E25F-D01E-4395-9CA6-1891AA3AF417}"
EndProject
Global
	GlobalSection(SolutionConfigurationPlatforms) = preSolution
		Debug|Any CPU = Debug|Any CPU
		Release|Any CPU = Release|Any CPU
	EndGlobalSection
	GlobalSection(ProjectConfigurationPlatforms) = postSolution
		{A09D8200-9F13-42DA-B2FF-B676D7CA24D5}.Debug|Any CPU.ActiveCfg = Debug|Any CPU
		{A09D8200-9F13-42DA-B2FF-B676D7CA24D5}.Debug|Any CPU.Build.0 = Debug|Any CPU
		{A09D8200-9F13-42DA-B2FF-B676D7CA24D5}.Release|Any CPU.ActiveCfg = Release|Any CPU
		{A09D8200-9F13-42DA-B2FF-B676D7CA24D5}.Release|Any CPU.Build.0 = Release|Any CPU
		{49921DCC-7B4C-434C-B4A9-117051DA4346}.Debug|Any CPU.ActiveCfg = Debug|Any CPU
		{49921DCC-7B4C-434C-B4A9-117051DA4346}.Debug|Any CPU.Build.0 = Debug|Any CPU
		{49921DCC-7B4C-434C-B4A9-117051DA4346}.Release|Any CPU.ActiveCfg = Release|Any CPU
		{49921DCC-7B4C-434C-B4A9-117051DA4346}.Release|Any CPU.Build.0 = Release|Any CPU
		{CA4B1125-639C-445A-9834-9178F589E94E}.Debug|Any CPU.ActiveCfg = Debug|Any CPU
		{CA4B1125-639C-445A-9834-9178F589E94E}.Debug|Any CPU.Build.0 = Debug|Any CPU
		{CA4B1125-639C-445A-9834-9178F589E94E}.Release|Any CPU.ActiveCfg = Release|Any CPU
		{CA4B1125-639C-445A-9834-9178F589E94E}.Release|Any CPU.Build.0 = Release|Any CPU
		{2358E25F-D01E-4395-9CA6-1891AA3AF417}.Debug|Any CPU.ActiveCfg = Debug|Any CPU
		{2358E25F-D01E-4395-9CA6-1891AA3AF417}.Debug|Any CPU.Build.0 = Debug|Any CPU
		{2358E25F-D01E-4395-9CA6-1891AA3AF417}.Release|Any CPU.ActiveCfg = Release|Any CPU
		{2358E25F-D01E-4395-9CA6-1891AA3AF417}.Release|Any CPU.Build.0 = Release|Any CPU
	EndGlobalSection
	GlobalSection(SolutionProperties) = preSolution
		HideSolutionNode = FALSE
	EndGlobalSection
	GlobalSection(ExtensibilityGlobals) = postSolution
		SolutionGuid = {6F090ECF-174A-48DE-A4EA-C9CD9CC349A8}
	EndGlobalSection
EndGlobal
